
Microsoft Visual Studio Solution File, Format Version 12.00
# Visual Studio Version 17
VisualStudioVersion = 17.14.36518.9
MinimumVisualStudioVersion = 10.0.40219.1
Project("{FAE04EC0-301F-11D3-BF4B-00C04F79EFBC}") = "MailApi", "MailApi\MailApi.csproj", "{12970059-5670-405E-A139-71CB78F2E0EA}"
EndProject
Global
	GlobalSection(SolutionConfigurationPlatforms) = preSolution
		Debug|Any CPU = Debug|Any CPU
		Release|Any CPU = Release|Any CPU
	EndGlobalSection
	GlobalSection(ProjectConfigurationPlatforms) = postSolution
		{12970059-5670-405E-A139-71CB78F2E0EA}.Debug|Any CPU.ActiveCfg = Debug|Any CPU
		{12970059-5670-405E-A139-71CB78F2E0EA}.Debug|Any CPU.Build.0 = Debug|Any CPU
		{12970059-5670-405E-A139-71CB78F2E0EA}.Release|Any CPU.ActiveCfg = Release|Any CPU
		{12970059-5670-405E-A139-71CB78F2E0EA}.Release|Any CPU.Build.0 = Release|Any CPU
	EndGlobalSection
	GlobalSection(SolutionProperties) = preSolution
		HideSolutionNode = FALSE
	EndGlobalSection
	GlobalSection(ExtensibilityGlobals) = postSolution
		SolutionGuid = {268F09A9-845C-46E5-82D6-C018EA0EF7BB}
	EndGlobalSection
EndGlobal
